
Microsoft Visual Studio Solution File, Format Version 12.00
# Visual Studio Version 17
VisualStudioVersion = 17.7.34024.191
MinimumVisualStudioVersion = 10.0.40219.1
Project("{9A19103F-16F7-4668-BE54-9A1E7A4F7556}") = "CarShop", "CarShop\CarShop.csproj", "{A37D37F0-1B5D-434B-A405-96C3B9E82D4C}"
EndProject
Project("{9A19103F-16F7-4668-BE54-9A1E7A4F7556}") = "CarShop.Domain", "CarShop.Domain\CarShop.Domain.csproj", "{93ACB2D7-3B9B-4D2A-BE65-1DCA876BEB52}"
EndProject
Project("{9A19103F-16F7-4668-BE54-9A1E7A4F7556}") = "CarShop.API", "CarShop.API\CarShop.API.csproj", "{2E3F70E7-BF9C-410B-8F3C-F7503313BCCE}"
EndProject
Project("{9A19103F-16F7-4668-BE54-9A1E7A4F7556}") = "CarShop.IdentityServer", "CarShop.IdentifyServer\CarShop.IdentityServer.csproj", "{D9045EEC-C6C1-41D2-94E4-AF0EB92CED5B}"
EndProject
Global
	GlobalSection(SolutionConfigurationPlatforms) = preSolution
		Debug|Any CPU = Debug|Any CPU
		Release|Any CPU = Release|Any CPU
	EndGlobalSection
	GlobalSection(ProjectConfigurationPlatforms) = postSolution
		{A37D37F0-1B5D-434B-A405-96C3B9E82D4C}.Debug|Any CPU.ActiveCfg = Debug|Any CPU
		{A37D37F0-1B5D-434B-A405-96C3B9E82D4C}.Debug|Any CPU.Build.0 = Debug|Any CPU
		{A37D37F0-1B5D-434B-A405-96C3B9E82D4C}.Release|Any CPU.ActiveCfg = Release|Any CPU
		{A37D37F0-1B5D-434B-A405-96C3B9E82D4C}.Release|Any CPU.Build.0 = Release|Any CPU
		{93ACB2D7-3B9B-4D2A-BE65-1DCA876BEB52}.Debug|Any CPU.ActiveCfg = Debug|Any CPU
		{93ACB2D7-3B9B-4D2A-BE65-1DCA876BEB52}.Debug|Any CPU.Build.0 = Debug|Any CPU
		{93ACB2D7-3B9B-4D2A-BE65-1DCA876BEB52}.Release|Any CPU.ActiveCfg = Release|Any CPU
		{93ACB2D7-3B9B-4D2A-BE65-1DCA876BEB52}.Release|Any CPU.Build.0 = Release|Any CPU
		{2E3F70E7-BF9C-410B-8F3C-F7503313BCCE}.Debug|Any CPU.ActiveCfg = Debug|Any CPU
		{2E3F70E7-BF9C-410B-8F3C-F7503313BCCE}.Debug|Any CPU.Build.0 = Debug|Any CPU
		{2E3F70E7-BF9C-410B-8F3C-F7503313BCCE}.Release|Any CPU.ActiveCfg = Release|Any CPU
		{2E3F70E7-BF9C-410B-8F3C-F7503313BCCE}.Release|Any CPU.Build.0 = Release|Any CPU
		{D9045EEC-C6C1-41D2-94E4-AF0EB92CED5B}.Debug|Any CPU.ActiveCfg = Debug|Any CPU
		{D9045EEC-C6C1-41D2-94E4-AF0EB92CED5B}.Debug|Any CPU.Build.0 = Debug|Any CPU
		{D9045EEC-C6C1-41D2-94E4-AF0EB92CED5B}.Release|Any CPU.ActiveCfg = Release|Any CPU
		{D9045EEC-C6C1-41D2-94E4-AF0EB92CED5B}.Release|Any CPU.Build.0 = Release|Any CPU
	EndGlobalSection
	GlobalSection(SolutionProperties) = preSolution
		HideSolutionNode = FALSE
	EndGlobalSection
	GlobalSection(ExtensibilityGlobals) = postSolution
		SolutionGuid = {7DB65D00-5E90-422A-9204-5627CC61DD6B}
	EndGlobalSection
EndGlobal
